<?xml version="1.0" encoding="utf-8"?>
<Project ToolsVersion="4.0" xmlns="http://schemas.microsoft.com/developer/msbuild/2003">
  <ItemGroup>
    <Filter Include="imgui">
      <UniqueIdentifier>{d5cad5cf-31f5-4e0c-b7a1-c97216df02a8}</UniqueIdentifier>
    </Filter>
    <Filter Include="shaders">
      <UniqueIdentifier>{7a50ffd4-a878-4109-9fae-cd0e643c0012}</UniqueIdentifier>
    </Filter>
    <Filter Include="color">
      <UniqueIdentifier>{39ab9ff8-4b51-4022-97d1-570f2311ef1e}</UniqueIdentifier>
    </Filter>
  </ItemGroup>
  <ItemGroup>
    <ClCompile Include="Color\ColorSpace.cpp">
      <Filter>color</Filter>
    </ClCompile>
    <ClCompile Include="Color\Comparison.cpp">
      <Filter>color</Filter>
    </ClCompile>
    <ClCompile Include="Color\Conversion.cpp">
      <Filter>color</Filter>
    </ClCompile>
    <ClCompile Include="imgui\imgui_impl_opengl3.cpp">
      <Filter>imgui</Filter>
    </ClCompile>
    <ClCompile Include="imgui\imgui_impl_sdl.cpp">
      <Filter>imgui</Filter>
    </ClCompile>
    <ClCompile Include="ContentReadWrite.cpp" />
    <ClCompile Include="main.cpp" />
    <ClCompile Include="Program.cpp" />
    <ClCompile Include="VoxelGrid.cpp" />
    <ClCompile Include="Frustum.cpp" />
    <ClCompile Include="streamlines\SeedingEngine.cpp" />
    <ClCompile Include="streamlines\SphericalVectorField.cpp" />
    <ClCompile Include="streamlines\Streamline.cpp" />
    <ClCompile Include="rendering\Camera.cpp" />
    <ClCompile Include="rendering\Renderable.cpp" />
    <ClCompile Include="rendering\RenderEngine.cpp" />
    <ClCompile Include="rendering\ShaderTools.cpp" />
    <ClCompile Include="ui\InputHandler.cpp" />
    <ClCompile Include="ui\EarthViewController.cpp" />
  </ItemGroup>
  <ItemGroup>
    <ClInclude Include="Color\ColorSpace.h">
      <Filter>color</Filter>
    </ClInclude>
    <ClInclude Include="Color\Comparison.h">
      <Filter>color</Filter>
    </ClInclude>
    <ClInclude Include="Color\Conversion.h">
      <Filter>color</Filter>
    </ClInclude>
    <ClInclude Include="Color\Utils.h">
      <Filter>color</Filter>
    </ClInclude>
    <ClInclude Include="imgui\imgui_impl_opengl3.h">
      <Filter>imgui</Filter>
    </ClInclude>
    <ClInclude Include="imgui\imgui_impl_sdl.h">
      <Filter>imgui</Filter>
    </ClInclude>
    <ClInclude Include="Conversions.h" />
    <ClInclude Include="ContentReadWrite.h" />
    <ClInclude Include="Program.h" />
    <ClInclude Include="VoxelGrid.h" />
    <ClInclude Include="Frustum.h" />
    <ClInclude Include="streamlines\SeedingEngine.h" />
    <ClInclude Include="streamlines\SphericalVectorField.h" />
    <ClInclude Include="streamlines\Streamline.h" />
    <ClInclude Include="rendering\Camera.h" />
    <ClInclude Include="rendering\Renderable.h" />
    <ClInclude Include="rendering\RenderEngine.h" />
    <ClInclude Include="rendering\ShaderTools.h" />
    <ClInclude Include="ui\InputHandler.h" />
    <ClInclude Include="ui\EarthViewController.h" />
  </ItemGroup>
  <ItemGroup>
    <None Include="shaders\main.frag">
      <Filter>shaders</Filter>
    </None>
    <None Include="shaders\main.vert">
      <Filter>shaders</Filter>
    </None>
    <None Include="shaders\streamline.frag">
      <Filter>shaders</Filter>
    </None>
    <None Include="shaders\streamline.vert">
      <Filter>shaders</Filter>
    </None>
    <None Include="shaders\streamline2.frag">
      <Filter>shaders</Filter>
    </None>
    <None Include="shaders\streamline2.vert">
      <Filter>shaders</Filter>
    </None>
  </ItemGroup>
</Project>